
Microsoft Visual Studio Solution File, Format Version 12.00
# Visual Studio Version 17
VisualStudioVersion = 17.8.34322.80
MinimumVisualStudioVersion = 10.0.40219.1
Project("{2150E333-8FDC-42A3-9474-1A3956D46DE8}") = "Source", "Source", "{D3C1A55D-2A2A-4A2A-B61B-3C7EC7400751}"
EndProject
Project("{2150E333-8FDC-42A3-9474-1A3956D46DE8}") = "Platforms", "Platforms", "{5D79D7C1-4A0A-4F74-9702-F11149FFDC6C}"
EndProject
Project("{2150E333-8FDC-42A3-9474-1A3956D46DE8}") = "Tests", "Tests", "{466F9B56-988A-4437-95C4-7E71A4547392}"
EndProject
Project("{9A19103F-16F7-4668-BE54-9A1E7A4F7556}") = "MidiController", "MidiController\MidiController.csproj", "{38348FBF-3D5B-44D6-965E-8C07912B1BAC}"
EndProject
Project("{9A19103F-16F7-4668-BE54-9A1E7A4F7556}") = "MidiController.Tests", "MidiController.Tests\MidiController.Tests.csproj", "{26AA21DF-5AB5-46E2-A8C2-CD3850CD1A0C}"
EndProject
Project("{9A19103F-16F7-4668-BE54-9A1E7A4F7556}") = "MidiController.UITests", "MidiController.UITests\MidiController.UITests.csproj", "{02FE767B-0169-4B4E-87A9-29CA7D8BD931}"
EndProject
Project("{9A19103F-16F7-4668-BE54-9A1E7A4F7556}") = "MidiController.Shared", "MidiController.Shared\MidiController.Shared.csproj", "{E726A5E1-819B-400D-B7D6-C185710C9716}"
EndProject
Project("{9A19103F-16F7-4668-BE54-9A1E7A4F7556}") = "MidiController.Mobile", "MidiController.Mobile\MidiController.Mobile.csproj", "{BD864F3D-6A0F-4B03-8C31-B4A9FD0DFC5C}"
EndProject
Project("{9A19103F-16F7-4668-BE54-9A1E7A4F7556}") = "MidiController.Windows", "MidiController.Windows\MidiController.Windows.csproj", "{CA2BB38F-26A7-459C-B80C-A8B0FDF23617}"
EndProject
Project("{9A19103F-16F7-4668-BE54-9A1E7A4F7556}") = "MidiController.Wasm", "MidiController.Wasm\MidiController.Wasm.csproj", "{E6A31787-C2F0-4C2D-9CF6-CDF411397360}"
EndProject
Project("{2150E333-8FDC-42A3-9474-1A3956D46DE8}") = "Solution Items", "Solution Items", "{7A8B6FC3-453B-4FE5-B6B8-DC8E6729274E}"
	ProjectSection(SolutionItems) = preProject
		.gitignore = .gitignore
		Directory.Build.props = Directory.Build.props
		Directory.Build.targets = Directory.Build.targets
		Directory.Packages.props = Directory.Packages.props
		solution-config.props.sample = solution-config.props.sample
	EndProjectSection
EndProject
Global
	GlobalSection(SolutionConfigurationPlatforms) = preSolution
		Debug|Any CPU = Debug|Any CPU
		Debug|arm64 = Debug|arm64
		Debug|x64 = Debug|x64
		Debug|x86 = Debug|x86
		Release|Any CPU = Release|Any CPU
		Release|arm64 = Release|arm64
		Release|x64 = Release|x64
		Release|x86 = Release|x86
	EndGlobalSection
	GlobalSection(ProjectConfigurationPlatforms) = postSolution
		{38348FBF-3D5B-44D6-965E-8C07912B1BAC}.Debug|Any CPU.ActiveCfg = Debug|Any CPU
		{38348FBF-3D5B-44D6-965E-8C07912B1BAC}.Debug|Any CPU.Build.0 = Debug|Any CPU
		{38348FBF-3D5B-44D6-965E-8C07912B1BAC}.Debug|arm64.ActiveCfg = Debug|Any CPU
		{38348FBF-3D5B-44D6-965E-8C07912B1BAC}.Debug|arm64.Build.0 = Debug|Any CPU
		{38348FBF-3D5B-44D6-965E-8C07912B1BAC}.Debug|x64.ActiveCfg = Debug|Any CPU
		{38348FBF-3D5B-44D6-965E-8C07912B1BAC}.Debug|x64.Build.0 = Debug|Any CPU
		{38348FBF-3D5B-44D6-965E-8C07912B1BAC}.Debug|x86.ActiveCfg = Debug|Any CPU
		{38348FBF-3D5B-44D6-965E-8C07912B1BAC}.Debug|x86.Build.0 = Debug|Any CPU
		{38348FBF-3D5B-44D6-965E-8C07912B1BAC}.Release|Any CPU.ActiveCfg = Release|Any CPU
		{38348FBF-3D5B-44D6-965E-8C07912B1BAC}.Release|Any CPU.Build.0 = Release|Any CPU
		{38348FBF-3D5B-44D6-965E-8C07912B1BAC}.Release|arm64.ActiveCfg = Release|Any CPU
		{38348FBF-3D5B-44D6-965E-8C07912B1BAC}.Release|arm64.Build.0 = Release|Any CPU
		{38348FBF-3D5B-44D6-965E-8C07912B1BAC}.Release|x64.ActiveCfg = Release|Any CPU
		{38348FBF-3D5B-44D6-965E-8C07912B1BAC}.Release|x64.Build.0 = Release|Any CPU
		{38348FBF-3D5B-44D6-965E-8C07912B1BAC}.Release|x86.ActiveCfg = Release|Any CPU
		{38348FBF-3D5B-44D6-965E-8C07912B1BAC}.Release|x86.Build.0 = Release|Any CPU
		{26AA21DF-5AB5-46E2-A8C2-CD3850CD1A0C}.Debug|Any CPU.ActiveCfg = Debug|Any CPU
		{26AA21DF-5AB5-46E2-A8C2-CD3850CD1A0C}.Debug|Any CPU.Build.0 = Debug|Any CPU
		{26AA21DF-5AB5-46E2-A8C2-CD3850CD1A0C}.Debug|arm64.ActiveCfg = Debug|Any CPU
		{26AA21DF-5AB5-46E2-A8C2-CD3850CD1A0C}.Debug|arm64.Build.0 = Debug|Any CPU
		{26AA21DF-5AB5-46E2-A8C2-CD3850CD1A0C}.Debug|x64.ActiveCfg = Debug|Any CPU
		{26AA21DF-5AB5-46E2-A8C2-CD3850CD1A0C}.Debug|x64.Build.0 = Debug|Any CPU
		{26AA21DF-5AB5-46E2-A8C2-CD3850CD1A0C}.Debug|x86.ActiveCfg = Debug|Any CPU
		{26AA21DF-5AB5-46E2-A8C2-CD3850CD1A0C}.Debug|x86.Build.0 = Debug|Any CPU
		{26AA21DF-5AB5-46E2-A8C2-CD3850CD1A0C}.Release|Any CPU.ActiveCfg = Release|Any CPU
		{26AA21DF-5AB5-46E2-A8C2-CD3850CD1A0C}.Release|Any CPU.Build.0 = Release|Any CPU
		{26AA21DF-5AB5-46E2-A8C2-CD3850CD1A0C}.Release|arm64.ActiveCfg = Release|Any CPU
		{26AA21DF-5AB5-46E2-A8C2-CD3850CD1A0C}.Release|arm64.Build.0 = Release|Any CPU
		{26AA21DF-5AB5-46E2-A8C2-CD3850CD1A0C}.Release|x64.ActiveCfg = Release|Any CPU
		{26AA21DF-5AB5-46E2-A8C2-CD3850CD1A0C}.Release|x64.Build.0 = Release|Any CPU
		{26AA21DF-5AB5-46E2-A8C2-CD3850CD1A0C}.Release|x86.ActiveCfg = Release|Any CPU
		{26AA21DF-5AB5-46E2-A8C2-CD3850CD1A0C}.Release|x86.Build.0 = Release|Any CPU
		{02FE767B-0169-4B4E-87A9-29CA7D8BD931}.Debug|Any CPU.ActiveCfg = Debug|Any CPU
		{02FE767B-0169-4B4E-87A9-29CA7D8BD931}.Debug|Any CPU.Build.0 = Debug|Any CPU
		{02FE767B-0169-4B4E-87A9-29CA7D8BD931}.Debug|arm64.ActiveCfg = Debug|Any CPU
		{02FE767B-0169-4B4E-87A9-29CA7D8BD931}.Debug|arm64.Build.0 = Debug|Any CPU
		{02FE767B-0169-4B4E-87A9-29CA7D8BD931}.Debug|x64.ActiveCfg = Debug|Any CPU
		{02FE767B-0169-4B4E-87A9-29CA7D8BD931}.Debug|x64.Build.0 = Debug|Any CPU
		{02FE767B-0169-4B4E-87A9-29CA7D8BD931}.Debug|x86.ActiveCfg = Debug|Any CPU
		{02FE767B-0169-4B4E-87A9-29CA7D8BD931}.Debug|x86.Build.0 = Debug|Any CPU
		{02FE767B-0169-4B4E-87A9-29CA7D8BD931}.Release|Any CPU.ActiveCfg = Release|Any CPU
		{02FE767B-0169-4B4E-87A9-29CA7D8BD931}.Release|Any CPU.Build.0 = Release|Any CPU
		{02FE767B-0169-4B4E-87A9-29CA7D8BD931}.Release|arm64.ActiveCfg = Release|Any CPU
		{02FE767B-0169-4B4E-87A9-29CA7D8BD931}.Release|arm64.Build.0 = Release|Any CPU
		{02FE767B-0169-4B4E-87A9-29CA7D8BD931}.Release|x64.ActiveCfg = Release|Any CPU
		{02FE767B-0169-4B4E-87A9-29CA7D8BD931}.Release|x64.Build.0 = Release|Any CPU
		{02FE767B-0169-4B4E-87A9-29CA7D8BD931}.Release|x86.ActiveCfg = Release|Any CPU
		{02FE767B-0169-4B4E-87A9-29CA7D8BD931}.Release|x86.Build.0 = Release|Any CPU
		{E726A5E1-819B-400D-B7D6-C185710C9716}.Debug|Any CPU.ActiveCfg = Debug|Any CPU
		{E726A5E1-819B-400D-B7D6-C185710C9716}.Debug|Any CPU.Build.0 = Debug|Any CPU
		{E726A5E1-819B-400D-B7D6-C185710C9716}.Debug|arm64.ActiveCfg = Debug|Any CPU
		{E726A5E1-819B-400D-B7D6-C185710C9716}.Debug|arm64.Build.0 = Debug|Any CPU
		{E726A5E1-819B-400D-B7D6-C185710C9716}.Debug|x64.ActiveCfg = Debug|Any CPU
		{E726A5E1-819B-400D-B7D6-C185710C9716}.Debug|x64.Build.0 = Debug|Any CPU
		{E726A5E1-819B-400D-B7D6-C185710C9716}.Debug|x86.ActiveCfg = Debug|Any CPU
		{E726A5E1-819B-400D-B7D6-C185710C9716}.Debug|x86.Build.0 = Debug|Any CPU
		{E726A5E1-819B-400D-B7D6-C185710C9716}.Release|Any CPU.ActiveCfg = Release|Any CPU
		{E726A5E1-819B-400D-B7D6-C185710C9716}.Release|Any CPU.Build.0 = Release|Any CPU
		{E726A5E1-819B-400D-B7D6-C185710C9716}.Release|arm64.ActiveCfg = Release|Any CPU
		{E726A5E1-819B-400D-B7D6-C185710C9716}.Release|arm64.Build.0 = Release|Any CPU
		{E726A5E1-819B-400D-B7D6-C185710C9716}.Release|x64.ActiveCfg = Release|Any CPU
		{E726A5E1-819B-400D-B7D6-C185710C9716}.Release|x64.Build.0 = Release|Any CPU
		{E726A5E1-819B-400D-B7D6-C185710C9716}.Release|x86.ActiveCfg = Release|Any CPU
		{E726A5E1-819B-400D-B7D6-C185710C9716}.Release|x86.Build.0 = Release|Any CPU
		{BD864F3D-6A0F-4B03-8C31-B4A9FD0DFC5C}.Debug|Any CPU.ActiveCfg = Debug|Any CPU
		{BD864F3D-6A0F-4B03-8C31-B4A9FD0DFC5C}.Debug|Any CPU.Build.0 = Debug|Any CPU
		{BD864F3D-6A0F-4B03-8C31-B4A9FD0DFC5C}.Debug|Any CPU.Deploy.0 = Debug|Any CPU
		{BD864F3D-6A0F-4B03-8C31-B4A9FD0DFC5C}.Debug|arm64.ActiveCfg = Debug|Any CPU
		{BD864F3D-6A0F-4B03-8C31-B4A9FD0DFC5C}.Debug|arm64.Build.0 = Debug|Any CPU
		{BD864F3D-6A0F-4B03-8C31-B4A9FD0DFC5C}.Debug|arm64.Deploy.0 = Debug|Any CPU
		{BD864F3D-6A0F-4B03-8C31-B4A9FD0DFC5C}.Debug|x64.ActiveCfg = Debug|Any CPU
		{BD864F3D-6A0F-4B03-8C31-B4A9FD0DFC5C}.Debug|x64.Build.0 = Debug|Any CPU
		{BD864F3D-6A0F-4B03-8C31-B4A9FD0DFC5C}.Debug|x64.Deploy.0 = Debug|Any CPU
		{BD864F3D-6A0F-4B03-8C31-B4A9FD0DFC5C}.Debug|x86.ActiveCfg = Debug|Any CPU
		{BD864F3D-6A0F-4B03-8C31-B4A9FD0DFC5C}.Debug|x86.Build.0 = Debug|Any CPU
		{BD864F3D-6A0F-4B03-8C31-B4A9FD0DFC5C}.Debug|x86.Deploy.0 = Debug|Any CPU
		{BD864F3D-6A0F-4B03-8C31-B4A9FD0DFC5C}.Release|Any CPU.ActiveCfg = Release|Any CPU
		{BD864F3D-6A0F-4B03-8C31-B4A9FD0DFC5C}.Release|Any CPU.Build.0 = Release|Any CPU
		{BD864F3D-6A0F-4B03-8C31-B4A9FD0DFC5C}.Release|Any CPU.Deploy.0 = Release|Any CPU
		{BD864F3D-6A0F-4B03-8C31-B4A9FD0DFC5C}.Release|arm64.ActiveCfg = Release|Any CPU
		{BD864F3D-6A0F-4B03-8C31-B4A9FD0DFC5C}.Release|arm64.Build.0 = Release|Any CPU
		{BD864F3D-6A0F-4B03-8C31-B4A9FD0DFC5C}.Release|arm64.Deploy.0 = Release|Any CPU
		{BD864F3D-6A0F-4B03-8C31-B4A9FD0DFC5C}.Release|x64.ActiveCfg = Release|Any CPU
		{BD864F3D-6A0F-4B03-8C31-B4A9FD0DFC5C}.Release|x64.Build.0 = Release|Any CPU
		{BD864F3D-6A0F-4B03-8C31-B4A9FD0DFC5C}.Release|x64.Deploy.0 = Release|Any CPU
		{BD864F3D-6A0F-4B03-8C31-B4A9FD0DFC5C}.Release|x86.ActiveCfg = Release|Any CPU
		{BD864F3D-6A0F-4B03-8C31-B4A9FD0DFC5C}.Release|x86.Build.0 = Release|Any CPU
		{BD864F3D-6A0F-4B03-8C31-B4A9FD0DFC5C}.Release|x86.Deploy.0 = Release|Any CPU
		{CA2BB38F-26A7-459C-B80C-A8B0FDF23617}.Debug|Any CPU.ActiveCfg = Debug|x64
		{CA2BB38F-26A7-459C-B80C-A8B0FDF23617}.Debug|Any CPU.Build.0 = Debug|x64
		{CA2BB38F-26A7-459C-B80C-A8B0FDF23617}.Debug|Any CPU.Deploy.0 = Debug|x64
		{CA2BB38F-26A7-459C-B80C-A8B0FDF23617}.Debug|arm64.ActiveCfg = Debug|arm64
		{CA2BB38F-26A7-459C-B80C-A8B0FDF23617}.Debug|arm64.Build.0 = Debug|arm64
		{CA2BB38F-26A7-459C-B80C-A8B0FDF23617}.Debug|arm64.Deploy.0 = Debug|arm64
		{CA2BB38F-26A7-459C-B80C-A8B0FDF23617}.Debug|x64.ActiveCfg = Debug|x64
		{CA2BB38F-26A7-459C-B80C-A8B0FDF23617}.Debug|x64.Build.0 = Debug|x64
		{CA2BB38F-26A7-459C-B80C-A8B0FDF23617}.Debug|x64.Deploy.0 = Debug|x64
		{CA2BB38F-26A7-459C-B80C-A8B0FDF23617}.Debug|x86.ActiveCfg = Debug|x86
		{CA2BB38F-26A7-459C-B80C-A8B0FDF23617}.Debug|x86.Build.0 = Debug|x86
		{CA2BB38F-26A7-459C-B80C-A8B0FDF23617}.Debug|x86.Deploy.0 = Debug|x86
		{CA2BB38F-26A7-459C-B80C-A8B0FDF23617}.Release|Any CPU.ActiveCfg = Release|x64
		{CA2BB38F-26A7-459C-B80C-A8B0FDF23617}.Release|Any CPU.Build.0 = Release|x64
		{CA2BB38F-26A7-459C-B80C-A8B0FDF23617}.Release|Any CPU.Deploy.0 = Release|x64
		{CA2BB38F-26A7-459C-B80C-A8B0FDF23617}.Release|arm64.ActiveCfg = Release|arm64
		{CA2BB38F-26A7-459C-B80C-A8B0FDF23617}.Release|arm64.Build.0 = Release|arm64
		{CA2BB38F-26A7-459C-B80C-A8B0FDF23617}.Release|arm64.Deploy.0 = Release|arm64
		{CA2BB38F-26A7-459C-B80C-A8B0FDF23617}.Release|x64.ActiveCfg = Release|x64
		{CA2BB38F-26A7-459C-B80C-A8B0FDF23617}.Release|x64.Build.0 = Release|x64
		{CA2BB38F-26A7-459C-B80C-A8B0FDF23617}.Release|x64.Deploy.0 = Release|x64
		{CA2BB38F-26A7-459C-B80C-A8B0FDF23617}.Release|x86.ActiveCfg = Release|x86
		{CA2BB38F-26A7-459C-B80C-A8B0FDF23617}.Release|x86.Build.0 = Release|x86
		{CA2BB38F-26A7-459C-B80C-A8B0FDF23617}.Release|x86.Deploy.0 = Release|x86
		{E6A31787-C2F0-4C2D-9CF6-CDF411397360}.Debug|Any CPU.ActiveCfg = Debug|Any CPU
		{E6A31787-C2F0-4C2D-9CF6-CDF411397360}.Debug|Any CPU.Build.0 = Debug|Any CPU
		{E6A31787-C2F0-4C2D-9CF6-CDF411397360}.Debug|arm64.ActiveCfg = Debug|Any CPU
		{E6A31787-C2F0-4C2D-9CF6-CDF411397360}.Debug|arm64.Build.0 = Debug|Any CPU
		{E6A31787-C2F0-4C2D-9CF6-CDF411397360}.Debug|x64.ActiveCfg = Debug|Any CPU
		{E6A31787-C2F0-4C2D-9CF6-CDF411397360}.Debug|x64.Build.0 = Debug|Any CPU
		{E6A31787-C2F0-4C2D-9CF6-CDF411397360}.Debug|x86.ActiveCfg = Debug|Any CPU
		{E6A31787-C2F0-4C2D-9CF6-CDF411397360}.Debug|x86.Build.0 = Debug|Any CPU
		{E6A31787-C2F0-4C2D-9CF6-CDF411397360}.Release|Any CPU.ActiveCfg = Release|Any CPU
		{E6A31787-C2F0-4C2D-9CF6-CDF411397360}.Release|Any CPU.Build.0 = Release|Any CPU
		{E6A31787-C2F0-4C2D-9CF6-CDF411397360}.Release|arm64.ActiveCfg = Release|Any CPU
		{E6A31787-C2F0-4C2D-9CF6-CDF411397360}.Release|arm64.Build.0 = Release|Any CPU
		{E6A31787-C2F0-4C2D-9CF6-CDF411397360}.Release|x64.ActiveCfg = Release|Any CPU
		{E6A31787-C2F0-4C2D-9CF6-CDF411397360}.Release|x64.Build.0 = Release|Any CPU
		{E6A31787-C2F0-4C2D-9CF6-CDF411397360}.Release|x86.ActiveCfg = Release|Any CPU
		{E6A31787-C2F0-4C2D-9CF6-CDF411397360}.Release|x86.Build.0 = Release|Any CPU
	EndGlobalSection
	GlobalSection(SolutionProperties) = preSolution
		HideSolutionNode = FALSE
	EndGlobalSection
	GlobalSection(NestedProjects) = preSolution
		{5D79D7C1-4A0A-4F74-9702-F11149FFDC6C} = {D3C1A55D-2A2A-4A2A-B61B-3C7EC7400751}
		{38348FBF-3D5B-44D6-965E-8C07912B1BAC} = {D3C1A55D-2A2A-4A2A-B61B-3C7EC7400751}
		{26AA21DF-5AB5-46E2-A8C2-CD3850CD1A0C} = {466F9B56-988A-4437-95C4-7E71A4547392}
		{02FE767B-0169-4B4E-87A9-29CA7D8BD931} = {466F9B56-988A-4437-95C4-7E71A4547392}
		{E726A5E1-819B-400D-B7D6-C185710C9716} = {5D79D7C1-4A0A-4F74-9702-F11149FFDC6C}
		{BD864F3D-6A0F-4B03-8C31-B4A9FD0DFC5C} = {5D79D7C1-4A0A-4F74-9702-F11149FFDC6C}
		{CA2BB38F-26A7-459C-B80C-A8B0FDF23617} = {5D79D7C1-4A0A-4F74-9702-F11149FFDC6C}
		{E6A31787-C2F0-4C2D-9CF6-CDF411397360} = {5D79D7C1-4A0A-4F74-9702-F11149FFDC6C}
	EndGlobalSection
	GlobalSection(ExtensibilityGlobals) = postSolution
		SolutionGuid = {C5D68BB1-63D2-4B6C-BFB8-97E4729C58C2}
	EndGlobalSection
EndGlobal
